// !$*UTF8*$!
{
	archiveVersion = 1;
	classes = {
	};
	objectVersion = 50;
	objects = {

/* Begin PBXBuildFile section */
		9B68F5E9237F596C005392E0 /* AppDelegate.swift in Sources */ = {isa = PBXBuildFile; fileRef = 9B68F5E8237F596C005392E0 /* AppDelegate.swift */; };
		9B68F5EB237F596C005392E0 /* SceneDelegate.swift in Sources */ = {isa = PBXBuildFile; fileRef = 9B68F5EA237F596C005392E0 /* SceneDelegate.swift */; };
		9B68F5ED237F596C005392E0 /* ViewController.swift in Sources */ = {isa = PBXBuildFile; fileRef = 9B68F5EC237F596C005392E0 /* ViewController.swift */; };
		9B68F5F0237F596C005392E0 /* Main.storyboard in Resources */ = {isa = PBXBuildFile; fileRef = 9B68F5EE237F596C005392E0 /* Main.storyboard */; };
		9B68F5F2237F596D005392E0 /* Assets.xcassets in Resources */ = {isa = PBXBuildFile; fileRef = 9B68F5F1237F596D005392E0 /* Assets.xcassets */; };
		9B68F5F5237F596D005392E0 /* LaunchScreen.storyboard in Resources */ = {isa = PBXBuildFile; fileRef = 9B68F5F3237F596D005392E0 /* LaunchScreen.storyboard */; };
		9B68F5FD237F5D76005392E0 /* StudentTableViewController.swift in Sources */ = {isa = PBXBuildFile; fileRef = 9B68F5FC237F5D76005392E0 /* StudentTableViewController.swift */; };
/* End PBXBuildFile section */

/* Begin PBXFileReference section */
		9B68F5E5237F596C005392E0 /* Anchal_C0763596_GPAapp.app */ = {isa = PBXFileReference; explicitFileType = wrapper.application; includeInIndex = 0; path = Anchal_C0763596_GPAapp.app; sourceTree = BUILT_PRODUCTS_DIR; };
		9B68F5E8237F596C005392E0 /* AppDelegate.swift */ = {isa = PBXFileReference; lastKnownFileType = sourcecode.swift; path = AppDelegate.swift; sourceTree = "<group>"; };
		9B68F5EA237F596C005392E0 /* SceneDelegate.swift */ = {isa = PBXFileReference; lastKnownFileType = sourcecode.swift; path = SceneDelegate.swift; sourceTree = "<group>"; };
		9B68F5EC237F596C005392E0 /* ViewController.swift */ = {isa = PBXFileReference; lastKnownFileType = sourcecode.swift; path = ViewController.swift; sourceTree = "<group>"; };
		9B68F5EF237F596C005392E0 /* Base */ = {isa = PBXFileReference; lastKnownFileType = file.storyboard; name = Base; path = Base.lproj/Main.storyboard; sourceTree = "<group>"; };
		9B68F5F1237F596D005392E0 /* Assets.xcassets */ = {isa = PBXFileReference; lastKnownFileType = folder.assetcatalog; path = Assets.xcassets; sourceTree = "<group>"; };
		9B68F5F4237F596D005392E0 /* Base */ = {isa = PBXFileReference; lastKnownFileType = file.storyboard; name = Base; path = Base.lproj/LaunchScreen.storyboard; sourceTree = "<group>"; };
		9B68F5F6237F596D005392E0 /* Info.plist */ = {isa = PBXFileReference; lastKnownFileType = text.plist.xml; path = Info.plist; sourceTree = "<group>"; };
		9B68F5FC237F5D76005392E0 /* StudentTableViewController.swift */ = {isa = PBXFileReference; lastKnownFileType = sourcecode.swift; path = StudentTableViewController.swift; sourceTree = "<group>"; };
/* End PBXFileReference section */

/* Begin PBXFrameworksBuildPhase section */
		9B68F5E2237F596C005392E0 /* Frameworks */ = {
			isa = PBXFrameworksBuildPhase;
			buildActionMask = 2147483647;
			files = (
			);
			runOnlyForDeploymentPostprocessing = 0;
		};
/* End PBXFrameworksBuildPhase section */

/* Begin PBXGroup section */
		9B68F5DC237F596C005392E0 = {
			isa = PBXGroup;
			children = (
				9B68F5E7237F596C005392E0 /* Anchal_C0763596_GPAapp */,
				9B68F5E6237F596C005392E0 /* Products */,
			);
			sourceTree = "<group>";
		};
		9B68F5E6237F596C005392E0 /* Products */ = {
			isa = PBXGroup;
			children = (
				9B68F5E5237F596C005392E0 /* Anchal_C0763596_GPAapp.app */,
			);
			name = Products;
			sourceTree = "<group>";
		};
		9B68F5E7237F596C005392E0 /* Anchal_C0763596_GPAapp */ = {
			isa = PBXGroup;
			children = (
				9B68F5E8237F596C005392E0 /* AppDelegate.swift */,
				9B68F5EA237F596C005392E0 /* SceneDelegate.swift */,
				9B68F5EC237F596C005392E0 /* ViewController.swift */,
				9B68F5EE237F596C005392E0 /* Main.storyboard */,
				9B68F5F1237F596D005392E0 /* Assets.xcassets */,
				9B68F5F3237F596D005392E0 /* LaunchScreen.storyboard */,
				9B68F5F6237F596D005392E0 /* Info.plist */,
				9B68F5FC237F5D76005392E0 /* StudentTableViewController.swift */,
			);
			path = Anchal_C0763596_GPAapp;
			sourceTree = "<group>";
		};
/* End PBXGroup section */

/* Begin PBXNativeTarget section */
		9B68F5E4237F596C005392E0 /* Anchal_C0763596_GPAapp */ = {
			isa = PBXNativeTarget;
			buildConfigurationList = 9B68F5F9237F596D005392E0 /* Build configuration list for PBXNativeTarget "Anchal_C0763596_GPAapp" */;
			buildPhases = (
				9B68F5E1237F596C005392E0 /* Sources */,
				9B68F5E2237F596C005392E0 /* Frameworks */,
				9B68F5E3237F596C005392E0 /* Resources */,
			);
			buildRules = (
			);
			dependencies = (
			);
			name = Anchal_C0763596_GPAapp;
			productName = Anchal_C0763596_GPAapp;
			productReference = 9B68F5E5237F596C005392E0 /* Anchal_C0763596_GPAapp.app */;
			productType = "com.apple.product-type.application";
		};
/* End PBXNativeTarget section */

/* Begin PBXProject section */
		9B68F5DD237F596C005392E0 /* Project object */ = {
			isa = PBXProject;
			attributes = {
				LastSwiftUpdateCheck = 1120;
				LastUpgradeCheck = 1120;
				ORGANIZATIONNAME = MacStudent;
				TargetAttributes = {
					9B68F5E4237F596C005392E0 = {
						CreatedOnToolsVersion = 11.2;
					};
				};
			};
			buildConfigurationList = 9B68F5E0237F596C005392E0 /* Build configuration list for PBXProject "Anchal_C0763596_GPAapp" */;
			compatibilityVersion = "Xcode 9.3";
			developmentRegion = en;
			hasScannedForEncodings = 0;
			knownRegions = (
				en,
				Base,
			);
			mainGroup = 9B68F5DC237F596C005392E0;
			productRefGroup = 9B68F5E6237F596C005392E0 /* Products */;
			projectDirPath = "";
			projectRoot = "";
			targets = (
				9B68F5E4237F596C005392E0 /* Anchal_C0763596_GPAapp */,
			);
		};
/* End PBXProject section */

/* Begin PBXResourcesBuildPhase section */
		9B68F5E3237F596C005392E0 /* Resources */ = {
			isa = PBXResourcesBuildPhase;
			buildActionMask = 2147483647;
			files = (
				9B68F5F5237F596D005392E0 /* LaunchScreen.storyboard in Resources */,
				9B68F5F2237F596D005392E0 /* Assets.xcassets in Resources */,
				9B68F5F0237F596C005392E0 /* Main.storyboard in Resources */,
			);
			runOnlyForDeploymentPostprocessing = 0;
		};
/* End PBXResourcesBuildPhase section */

/* Begin PBXSourcesBuildPhase section */
		9B68F5E1237F596C005392E0 /* Sources */ = {
			isa = PBXSourcesBuildPhase;
			buildActionMask = 2147483647;
			files = (
				9B68F5ED237F596C005392E0 /* ViewController.swift in Sources */,
				9B68F5E9237F596C005392E0 /* AppDelegate.swift in Sources */,
				9B68F5FD237F5D76005392E0 /* StudentTableViewController.swift in Sources */,
				9B68F5EB237F596C005392E0 /* SceneDelegate.swift in Sources */,
			);
			runOnlyForDeploymentPostprocessing = 0;
		};
/* End PBXSourcesBuildPhase section */

/* Begin PBXVariantGroup section */
		9B68F5EE237F596C005392E0 /* Main.storyboard */ = {
			isa = PBXVariantGroup;
			children = (
				9B68F5EF237F596C005392E0 /* Base */,
			);
			name = Main.storyboard;
			sourceTree = "<group>";
		};
		9B68F5F3237F596D005392E0 /* LaunchScreen.storyboard */ = {
			isa = PBXVariantGroup;
			children = (
				9B68F5F4237F596D005392E0 /* Base */,
			);
			name = LaunchScreen.storyboard;
			sourceTree = "<group>";
		};
/* End PBXVariantGroup section */

/* Begin XCBuildConfiguration section */
		9B68F5F7237F596D005392E0 /* Debug */ = {
			isa = XCBuildConfiguration;
			buildSettings = {
				ALWAYS_SEARCH_USER_PATHS = NO;
				CLANG_ANALYZER_NONNULL = YES;
				CLANG_ANALYZER_NUMBER_OBJECT_CONVERSION = YES_AGGRESSIVE;
				CLANG_CXX_LANGUAGE_STANDARD = "gnu++14";
				CLANG_CXX_LIBRARY = "libc++";
				CLANG_ENABLE_MODULES = YES;
				CLANG_ENABLE_OBJC_ARC = YES;
				CLANG_ENABLE_OBJC_WEAK = YES;
				CLANG_WARN_BLOCK_CAPTURE_AUTORELEASING = YES;
				CLANG_WARN_BOOL_CONVERSION = YES;
				CLANG_WARN_COMMA = YES;
				CLANG_WARN_CONSTANT_CONVERSION = YES;
				CLANG_WARN_DEPRECATED_OBJC_IMPLEMENTATIONS = YES;
				CLANG_WARN_DIRECT_OBJC_ISA_USAGE = YES_ERROR;
				CLANG_WARN_DOCUMENTATION_COMMENTS = YES;
				CLANG_WARN_EMPTY_BODY = YES;
				CLANG_WARN_ENUM_CONVERSION = YES;
				CLANG_WARN_INFINITE_RECURSION = YES;
				CLANG_WARN_INT_CONVERSION = YES;
				CLANG_WARN_NON_LITERAL_NULL_CONVERSION = YES;
				CLANG_WARN_OBJC_IMPLICIT_RETAIN_SELF = YES;
				CLANG_WARN_OBJC_LITERAL_CONVERSION = YES;
				CLANG_WARN_OBJC_ROOT_CLASS = YES_ERROR;
				CLANG_WARN_RANGE_LOOP_ANALYSIS = YES;
				CLANG_WARN_STRICT_PROTOTYPES = YES;
				CLANG_WARN_SUSPICIOUS_MOVE = YES;
				CLANG_WARN_UNGUARDED_AVAILABILITY = YES_AGGRESSIVE;
				CLANG_WARN_UNREACHABLE_CODE = YES;
				CLANG_WARN__DUPLICATE_METHOD_MATCH = YES;
				COPY_PHASE_STRIP = NO;
				DEBUG_INFORMATION_FORMAT = dwarf;
				ENABLE_STRICT_OBJC_MSGSEND = YES;
				ENABLE_TESTABILITY = YES;
				GCC_C_LANGUAGE_STANDARD = gnu11;
				GCC_DYNAMIC_NO_PIC = NO;
				GCC_NO_COMMON_BLOCKS = YES;
				GCC_OPTIMIZATION_LEVEL = 0;
				GCC_PREPROCESSOR_DEFINITIONS = (
					"DEBUG=1",
					"$(inherited)",
				);
				GCC_WARN_64_TO_32_BIT_CONVERSION = YES;
				GCC_WARN_ABOUT_RETURN_TYPE = YES_ERROR;
				GCC_WARN_UNDECLARED_SELECTOR = YES;
				GCC_WARN_UNINITIALIZED_AUTOS = YES_AGGRESSIVE;
				GCC_WARN_UNUSED_FUNCTION = YES;
				GCC_WARN_UNUSED_VARIABLE = YES;
				IPHONEOS_DEPLOYMENT_TARGET = 13.2;
				MTL_ENABLE_DEBUG_INFO = INCLUDE_SOURCE;
				MTL_FAST_MATH = YES;
				ONLY_ACTIVE_ARCH = YES;
				SDKROOT = iphoneos;
				SWIFT_ACTIVE_COMPILATION_CONDITIONS = DEBUG;
				SWIFT_OPTIMIZATION_LEVEL = "-Onone";
			};
			name = Debug;
		};
		9B68F5F8237F596D005392E0 /* Release */ = {
			isa = XCBuildConfiguration;
			buildSettings = {
				ALWAYS_SEARCH_USER_PATHS = NO;
				CLANG_ANALYZER_NONNULL = YES;
				CLANG_ANALYZER_NUMBER_OBJECT_CONVERSION = YES_AGGRESSIVE;
				CLANG_CXX_LANGUAGE_STANDARD = "gnu++14";
				CLANG_CXX_LIBRARY = "libc++";
				CLANG_ENABLE_MODULES = YES;
				CLANG_ENABLE_OBJC_ARC = YES;
				CLANG_ENABLE_OBJC_WEAK = YES;
				CLANG_WARN_BLOCK_CAPTURE_AUTORELEASING = YES;
				CLANG_WARN_BOOL_CONVERSION = YES;
				CLANG_WARN_COMMA = YES;
				CLANG_WARN_CONSTANT_CONVERSION = YES;
				CLANG_WARN_DEPRECATED_OBJC_IMPLEMENTATIONS = YES;
				CLANG_WARN_DIRECT_OBJC_ISA_USAGE = YES_ERROR;
				CLANG_WARN_DOCUMENTATION_COMMENTS = YES;
				CLANG_WARN_EMPTY_BODY = YES;
				CLANG_WARN_ENUM_CONVERSION = YES;
				CLANG_WARN_INFINITE_RECURSION = YES;
				CLANG_WARN_INT_CONVERSION = YES;
				CLANG_WARN_NON_LITERAL_NULL_CONVERSION = YES;
				CLANG_WARN_OBJC_IMPLICIT_RETAIN_SELF = YES;
				CLANG_WARN_OBJC_LITERAL_CONVERSION = YES;
				CLANG_WARN_OBJC_ROOT_CLASS = YES_ERROR;
				CLANG_WARN_RANGE_LOOP_ANALYSIS = YES;
				CLANG_WARN_STRICT_PROTOTYPES = YES;
				CLANG_WARN_SUSPICIOUS_MOVE = YES;
				CLANG_WARN_UNGUARDED_AVAILABILITY = YES_AGGRESSIVE;
				CLANG_WARN_UNREACHABLE_CODE = YES;
				CLANG_WARN__DUPLICATE_METHOD_MATCH = YES;
				COPY_PHASE_STRIP = NO;
				DEBUG_INFORMATION_FORMAT = "dwarf-with-dsym";
				ENABLE_NS_ASSERTIONS = NO;
				ENABLE_STRICT_OBJC_MSGSEND = YES;
				GCC_C_LANGUAGE_STANDARD = gnu11;
				GCC_NO_COMMON_BLOCKS = YES;
				GCC_WARN_64_TO_32_BIT_CONVERSION = YES;
				GCC_WARN_ABOUT_RETURN_TYPE = YES_ERROR;
				GCC_WARN_UNDECLARED_SELECTOR = YES;
				GCC_WARN_UNINITIALIZED_AUTOS = YES_AGGRESSIVE;
				GCC_WARN_UNUSED_FUNCTION = YES;
				GCC_WARN_UNUSED_VARIABLE = YES;
				IPHONEOS_DEPLOYMENT_TARGET = 13.2;
				MTL_ENABLE_DEBUG_INFO = NO;
				MTL_FAST_MATH = YES;
				SDKROOT = iphoneos;
				SWIFT_COMPILATION_MODE = wholemodule;
				SWIFT_OPTIMIZATION_LEVEL = "-O";
				VALIDATE_PRODUCT = YES;
			};
			name = Release;
		};
		9B68F5FA237F596D005392E0 /* Debug */ = {
			isa = XCBuildConfiguration;
			buildSettings = {
				ASSETCATALOG_COMPILER_APPICON_NAME = AppIcon;
				CODE_SIGN_STYLE = Automatic;
				DEVELOPMENT_TEAM = 5RP68AW676;
				INFOPLIST_FILE = Anchal_C0763596_GPAapp/Info.plist;
				LD_RUNPATH_SEARCH_PATHS = (
					"$(inherited)",
					"@executable_path/Frameworks",
				);
				PRODUCT_BUNDLE_IDENTIFIER = "CestarCollege.Anchal-C0763596-GPAapp";
				PRODUCT_NAME = "$(TARGET_NAME)";
				SWIFT_VERSION = 5.0;
				TARGETED_DEVICE_FAMILY = "1,2";
			};
			name = Debug;
		};
		9B68F5FB237F596D005392E0 /* Release */ = {
			isa = XCBuildConfiguration;
			buildSettings = {
				ASSETCATALOG_COMPILER_APPICON_NAME = AppIcon;
				CODE_SIGN_STYLE = Automatic;
				DEVELOPMENT_TEAM = 5RP68AW676;
				INFOPLIST_FILE = Anchal_C0763596_GPAapp/Info.plist;
				LD_RUNPATH_SEARCH_PATHS = (
					"$(inherited)",
					"@executable_path/Frameworks",
				);
				PRODUCT_BUNDLE_IDENTIFIER = "CestarCollege.Anchal-C0763596-GPAapp";
				PRODUCT_NAME = "$(TARGET_NAME)";
				SWIFT_VERSION = 5.0;
				TARGETED_DEVICE_FAMILY = "1,2";
			};
			name = Release;
		};
/* End XCBuildConfiguration section */

/* Begin XCConfigurationList section */
		9B68F5E0237F596C005392E0 /* Build configuration list for PBXProject "Anchal_C0763596_GPAapp" */ = {
			isa = XCConfigurationList;
			buildConfigurations = (
				9B68F5F7237F596D005392E0 /* Debug */,
				9B68F5F8237F596D005392E0 /* Release */,
			);
			defaultConfigurationIsVisible = 0;
			defaultConfigurationName = Release;
		};
		9B68F5F9237F596D005392E0 /* Build configuration list for PBXNativeTarget "Anchal_C0763596_GPAapp" */ = {
			isa = XCConfigurationList;
			buildConfigurations = (
				9B68F5FA237F596D005392E0 /* Debug */,
				9B68F5FB237F596D005392E0 /* Release */,
			);
			defaultConfigurationIsVisible = 0;
			defaultConfigurationName = Release;
		};
/* End XCConfigurationList section */
	};
	rootObject = 9B68F5DD237F596C005392E0 /* Project object */;
}
